
Microsoft Visual Studio Solution File, Format Version 12.00
# Visual Studio Version 16
VisualStudioVersion = 16.0.30114.105
MinimumVisualStudioVersion = 10.0.40219.1
Project("{2150E333-8FDC-42A3-9474-1A3956D46DE8}") = "src", "src", "{6D359F6F-033B-4AE5-874D-0F90746C71E7}"
EndProject
Project("{2150E333-8FDC-42A3-9474-1A3956D46DE8}") = "Referral", "Referral", "{312FFEC1-2C0F-49D3-863D-8D1AA78DE4BD}"
EndProject
Project("{FAE04EC0-301F-11D3-BF4B-00C04F79EFBC}") = "LabAware.Referral.Features", "src\Referral\LabAware.Referral.Features\LabAware.Referral.Features.csproj", "{580B78C5-3BE6-416A-858D-DD5CB3BA930C}"
EndProject
Project("{FAE04EC0-301F-11D3-BF4B-00C04F79EFBC}") = "LabAware.Referral.Store", "src\Referral\LabAware.Referral.Store\LabAware.Referral.Store.csproj", "{7929B489-52E5-4842-A917-7F3BAE8848AF}"
EndProject
Project("{2150E333-8FDC-42A3-9474-1A3956D46DE8}") = "tests", "tests", "{0476A505-7517-4600-92FC-BE53144223F5}"
EndProject
Project("{2150E333-8FDC-42A3-9474-1A3956D46DE8}") = "Referral", "Referral", "{125013E2-122A-4623-8DF8-915C0B0E526C}"
EndProject
Project("{FAE04EC0-301F-11D3-BF4B-00C04F79EFBC}") = "LabAware.Referral.Features.Tests.Unit", "tests\Referral\LabAware.Referral.Features.Tests.Unit\LabAware.Referral.Features.Tests.Unit.csproj", "{864BB021-908E-46AF-99B3-C88F0AA83E7A}"
EndProject
Project("{FAE04EC0-301F-11D3-BF4B-00C04F79EFBC}") = "LabAware.Referral.Store.Tests.Unit", "tests\Referral\LabAware.Referral.Store.Tests.Unit\LabAware.Referral.Store.Tests.Unit.csproj", "{D3E42BE7-04F5-404D-85E4-F926FB06765B}"
EndProject
Project("{2150E333-8FDC-42A3-9474-1A3956D46DE8}") = "App", "App", "{30D54420-64C0-48C3-B4A0-F0DAD8F795FC}"
EndProject
Project("{FAE04EC0-301F-11D3-BF4B-00C04F79EFBC}") = "LabAware.Host", "src\App\LabAware.Host\LabAware.Host.csproj", "{31C62C20-05A2-49C7-84F2-D24D58D2DB88}"
EndProject
Global
	GlobalSection(SolutionConfigurationPlatforms) = preSolution
		Debug|Any CPU = Debug|Any CPU
		Release|Any CPU = Release|Any CPU
	EndGlobalSection
	GlobalSection(SolutionProperties) = preSolution
		HideSolutionNode = FALSE
	EndGlobalSection
	GlobalSection(ProjectConfigurationPlatforms) = postSolution
		{580B78C5-3BE6-416A-858D-DD5CB3BA930C}.Debug|Any CPU.ActiveCfg = Debug|Any CPU
		{580B78C5-3BE6-416A-858D-DD5CB3BA930C}.Debug|Any CPU.Build.0 = Debug|Any CPU
		{580B78C5-3BE6-416A-858D-DD5CB3BA930C}.Release|Any CPU.ActiveCfg = Release|Any CPU
		{580B78C5-3BE6-416A-858D-DD5CB3BA930C}.Release|Any CPU.Build.0 = Release|Any CPU
		{7929B489-52E5-4842-A917-7F3BAE8848AF}.Debug|Any CPU.ActiveCfg = Debug|Any CPU
		{7929B489-52E5-4842-A917-7F3BAE8848AF}.Debug|Any CPU.Build.0 = Debug|Any CPU
		{7929B489-52E5-4842-A917-7F3BAE8848AF}.Release|Any CPU.ActiveCfg = Release|Any CPU
		{7929B489-52E5-4842-A917-7F3BAE8848AF}.Release|Any CPU.Build.0 = Release|Any CPU
		{864BB021-908E-46AF-99B3-C88F0AA83E7A}.Debug|Any CPU.ActiveCfg = Debug|Any CPU
		{864BB021-908E-46AF-99B3-C88F0AA83E7A}.Debug|Any CPU.Build.0 = Debug|Any CPU
		{864BB021-908E-46AF-99B3-C88F0AA83E7A}.Release|Any CPU.ActiveCfg = Release|Any CPU
		{864BB021-908E-46AF-99B3-C88F0AA83E7A}.Release|Any CPU.Build.0 = Release|Any CPU
		{D3E42BE7-04F5-404D-85E4-F926FB06765B}.Debug|Any CPU.ActiveCfg = Debug|Any CPU
		{D3E42BE7-04F5-404D-85E4-F926FB06765B}.Debug|Any CPU.Build.0 = Debug|Any CPU
		{D3E42BE7-04F5-404D-85E4-F926FB06765B}.Release|Any CPU.ActiveCfg = Release|Any CPU
		{D3E42BE7-04F5-404D-85E4-F926FB06765B}.Release|Any CPU.Build.0 = Release|Any CPU
		{31C62C20-05A2-49C7-84F2-D24D58D2DB88}.Debug|Any CPU.ActiveCfg = Debug|Any CPU
		{31C62C20-05A2-49C7-84F2-D24D58D2DB88}.Debug|Any CPU.Build.0 = Debug|Any CPU
		{31C62C20-05A2-49C7-84F2-D24D58D2DB88}.Release|Any CPU.ActiveCfg = Release|Any CPU
		{31C62C20-05A2-49C7-84F2-D24D58D2DB88}.Release|Any CPU.Build.0 = Release|Any CPU
	EndGlobalSection
	GlobalSection(NestedProjects) = preSolution
		{312FFEC1-2C0F-49D3-863D-8D1AA78DE4BD} = {6D359F6F-033B-4AE5-874D-0F90746C71E7}
		{580B78C5-3BE6-416A-858D-DD5CB3BA930C} = {312FFEC1-2C0F-49D3-863D-8D1AA78DE4BD}
		{7929B489-52E5-4842-A917-7F3BAE8848AF} = {312FFEC1-2C0F-49D3-863D-8D1AA78DE4BD}
		{125013E2-122A-4623-8DF8-915C0B0E526C} = {0476A505-7517-4600-92FC-BE53144223F5}
		{864BB021-908E-46AF-99B3-C88F0AA83E7A} = {125013E2-122A-4623-8DF8-915C0B0E526C}
		{D3E42BE7-04F5-404D-85E4-F926FB06765B} = {125013E2-122A-4623-8DF8-915C0B0E526C}
		{30D54420-64C0-48C3-B4A0-F0DAD8F795FC} = {6D359F6F-033B-4AE5-874D-0F90746C71E7}
		{31C62C20-05A2-49C7-84F2-D24D58D2DB88} = {30D54420-64C0-48C3-B4A0-F0DAD8F795FC}
	EndGlobalSection
EndGlobal
