
Microsoft Visual Studio Solution File, Format Version 12.00
# Visual Studio Version 16
VisualStudioVersion = 16.0.30114.105
MinimumVisualStudioVersion = 10.0.40219.1
Project("{2150E333-8FDC-42A3-9474-1A3956D46DE8}") = "src", "src", "{D27E4341-59F9-4EDE-A452-A9A659DBAD11}"
EndProject
Project("{2150E333-8FDC-42A3-9474-1A3956D46DE8}") = "Referral", "Referral", "{4D3FE189-B39E-47DF-A30E-E6607450D051}"
EndProject
Project("{FAE04EC0-301F-11D3-BF4B-00C04F79EFBC}") = "LabAware.Referral.Features", "src\Referral\LabAware.Referral.Features\LabAware.Referral.Features.csproj", "{4F90C5D3-D0DC-4EA3-A7F5-6EA3BD4B5FF6}"
EndProject
Project("{FAE04EC0-301F-11D3-BF4B-00C04F79EFBC}") = "LabAware.Referral.Store", "src\Referral\LabAware.Referral.Store\LabAware.Referral.Store.csproj", "{6AEAEA5E-A599-42A6-BC26-8CC9DB07E479}"
EndProject
Project("{2150E333-8FDC-42A3-9474-1A3956D46DE8}") = "tests", "tests", "{7A3D9624-56F5-4106-8831-D97C9EF4B0E9}"
EndProject
Project("{2150E333-8FDC-42A3-9474-1A3956D46DE8}") = "Referral", "Referral", "{3DF17B03-29FD-4036-B337-40C04337BC48}"
EndProject
Project("{FAE04EC0-301F-11D3-BF4B-00C04F79EFBC}") = "LabAware.Referral.Store.Tests.Unit", "tests\Referral\LabAware.Referral.Store.Tests.Unit\LabAware.Referral.Store.Tests.Unit.csproj", "{53047477-F708-4A1A-B462-3B5216F2F2DD}"
EndProject
Project("{FAE04EC0-301F-11D3-BF4B-00C04F79EFBC}") = "LawAware.Referral.Features.Tests.Unit", "tests\Referral\LawAware.Referral.Features.Tests.Unit\LawAware.Referral.Features.Tests.Unit.csproj", "{15787E2C-1D5C-4458-9BD7-C0588B654984}"
EndProject
Global
	GlobalSection(SolutionConfigurationPlatforms) = preSolution
		Debug|Any CPU = Debug|Any CPU
		Release|Any CPU = Release|Any CPU
	EndGlobalSection
	GlobalSection(SolutionProperties) = preSolution
		HideSolutionNode = FALSE
	EndGlobalSection
	GlobalSection(ProjectConfigurationPlatforms) = postSolution
		{4F90C5D3-D0DC-4EA3-A7F5-6EA3BD4B5FF6}.Debug|Any CPU.ActiveCfg = Debug|Any CPU
		{4F90C5D3-D0DC-4EA3-A7F5-6EA3BD4B5FF6}.Debug|Any CPU.Build.0 = Debug|Any CPU
		{4F90C5D3-D0DC-4EA3-A7F5-6EA3BD4B5FF6}.Release|Any CPU.ActiveCfg = Release|Any CPU
		{4F90C5D3-D0DC-4EA3-A7F5-6EA3BD4B5FF6}.Release|Any CPU.Build.0 = Release|Any CPU
		{6AEAEA5E-A599-42A6-BC26-8CC9DB07E479}.Debug|Any CPU.ActiveCfg = Debug|Any CPU
		{6AEAEA5E-A599-42A6-BC26-8CC9DB07E479}.Debug|Any CPU.Build.0 = Debug|Any CPU
		{6AEAEA5E-A599-42A6-BC26-8CC9DB07E479}.Release|Any CPU.ActiveCfg = Release|Any CPU
		{6AEAEA5E-A599-42A6-BC26-8CC9DB07E479}.Release|Any CPU.Build.0 = Release|Any CPU
		{53047477-F708-4A1A-B462-3B5216F2F2DD}.Debug|Any CPU.ActiveCfg = Debug|Any CPU
		{53047477-F708-4A1A-B462-3B5216F2F2DD}.Debug|Any CPU.Build.0 = Debug|Any CPU
		{53047477-F708-4A1A-B462-3B5216F2F2DD}.Release|Any CPU.ActiveCfg = Release|Any CPU
		{53047477-F708-4A1A-B462-3B5216F2F2DD}.Release|Any CPU.Build.0 = Release|Any CPU
		{15787E2C-1D5C-4458-9BD7-C0588B654984}.Debug|Any CPU.ActiveCfg = Debug|Any CPU
		{15787E2C-1D5C-4458-9BD7-C0588B654984}.Debug|Any CPU.Build.0 = Debug|Any CPU
		{15787E2C-1D5C-4458-9BD7-C0588B654984}.Release|Any CPU.ActiveCfg = Release|Any CPU
		{15787E2C-1D5C-4458-9BD7-C0588B654984}.Release|Any CPU.Build.0 = Release|Any CPU
	EndGlobalSection
	GlobalSection(NestedProjects) = preSolution
		{4D3FE189-B39E-47DF-A30E-E6607450D051} = {D27E4341-59F9-4EDE-A452-A9A659DBAD11}
		{4F90C5D3-D0DC-4EA3-A7F5-6EA3BD4B5FF6} = {4D3FE189-B39E-47DF-A30E-E6607450D051}
		{6AEAEA5E-A599-42A6-BC26-8CC9DB07E479} = {4D3FE189-B39E-47DF-A30E-E6607450D051}
		{3DF17B03-29FD-4036-B337-40C04337BC48} = {7A3D9624-56F5-4106-8831-D97C9EF4B0E9}
		{53047477-F708-4A1A-B462-3B5216F2F2DD} = {3DF17B03-29FD-4036-B337-40C04337BC48}
		{15787E2C-1D5C-4458-9BD7-C0588B654984} = {3DF17B03-29FD-4036-B337-40C04337BC48}
	EndGlobalSection
EndGlobal
